
Microsoft Visual Studio Solution File, Format Version 12.00
# Visual Studio Version 17
VisualStudioVersion = 17.0.31903.59
MinimumVisualStudioVersion = 10.0.40219.1
Project("{2150E333-8FDC-42A3-9474-1A3956D46DE8}") = "src", "src", "{827E0CD3-B72D-47B6-A68D-7590B98EB39B}"
EndProject
Project("{FAE04EC0-301F-11D3-BF4B-00C04F79EFBC}") = "TrSetup.Core", "src\TrSetup.Core\TrSetup.Core.csproj", "{DF66F104-72EC-4BAB-9EFD-246E99856931}"
EndProject
Project("{FAE04EC0-301F-11D3-BF4B-00C04F79EFBC}") = "TrSetupUI", "src\TrSetupUI\TrSetupUI.csproj", "{3B47BA6F-C871-4D0E-BC63-B0EECD9C0B15}"
EndProject
Project("{FAE04EC0-301F-11D3-BF4B-00C04F79EFBC}") = "TrSetup.Web", "src\TrSetup.Web\TrSetup.Web.csproj", "{18C313E1-8A35-48F2-8D32-B3A4BFC1CFE8}"
EndProject
Project("{FAE04EC0-301F-11D3-BF4B-00C04F79EFBC}") = "TrSetup", "src\TrSetup\TrSetup.csproj", "{2BE16689-0D3D-4EAC-BFF3-3DE6AFAFCA11}"
EndProject
Project("{2150E333-8FDC-42A3-9474-1A3956D46DE8}") = "tests", "tests", "{0AB3BF05-4346-4AA6-1389-037BE0695223}"
EndProject
Project("{2150E333-8FDC-42A3-9474-1A3956D46DE8}") = "unit", "unit", "{9D556B49-86D1-93A7-9596-FFAAB74EC556}"
EndProject
Project("{FAE04EC0-301F-11D3-BF4B-00C04F79EFBC}") = "TrSetup.Core.Tests", "tests\unit\TrSetup.Core.Tests\TrSetup.Core.Tests.csproj", "{F2DA322F-26DB-40D5-9D28-12A09420C3FE}"
EndProject
Global
	GlobalSection(SolutionConfigurationPlatforms) = preSolution
		Debug|Any CPU = Debug|Any CPU
		Debug|x64 = Debug|x64
		Debug|x86 = Debug|x86
		Release|Any CPU = Release|Any CPU
		Release|x64 = Release|x64
		Release|x86 = Release|x86
	EndGlobalSection
	GlobalSection(ProjectConfigurationPlatforms) = postSolution
		{DF66F104-72EC-4BAB-9EFD-246E99856931}.Debug|Any CPU.ActiveCfg = Debug|Any CPU
		{DF66F104-72EC-4BAB-9EFD-246E99856931}.Debug|Any CPU.Build.0 = Debug|Any CPU
		{DF66F104-72EC-4BAB-9EFD-246E99856931}.Debug|x64.ActiveCfg = Debug|Any CPU
		{DF66F104-72EC-4BAB-9EFD-246E99856931}.Debug|x64.Build.0 = Debug|Any CPU
		{DF66F104-72EC-4BAB-9EFD-246E99856931}.Debug|x86.ActiveCfg = Debug|Any CPU
		{DF66F104-72EC-4BAB-9EFD-246E99856931}.Debug|x86.Build.0 = Debug|Any CPU
		{DF66F104-72EC-4BAB-9EFD-246E99856931}.Release|Any CPU.ActiveCfg = Release|Any CPU
		{DF66F104-72EC-4BAB-9EFD-246E99856931}.Release|Any CPU.Build.0 = Release|Any CPU
		{DF66F104-72EC-4BAB-9EFD-246E99856931}.Release|x64.ActiveCfg = Release|Any CPU
		{DF66F104-72EC-4BAB-9EFD-246E99856931}.Release|x64.Build.0 = Release|Any CPU
		{DF66F104-72EC-4BAB-9EFD-246E99856931}.Release|x86.ActiveCfg = Release|Any CPU
		{DF66F104-72EC-4BAB-9EFD-246E99856931}.Release|x86.Build.0 = Release|Any CPU
		{3B47BA6F-C871-4D0E-BC63-B0EECD9C0B15}.Debug|Any CPU.ActiveCfg = Debug|Any CPU
		{3B47BA6F-C871-4D0E-BC63-B0EECD9C0B15}.Debug|Any CPU.Build.0 = Debug|Any CPU
		{3B47BA6F-C871-4D0E-BC63-B0EECD9C0B15}.Debug|x64.ActiveCfg = Debug|Any CPU
		{3B47BA6F-C871-4D0E-BC63-B0EECD9C0B15}.Debug|x64.Build.0 = Debug|Any CPU
		{3B47BA6F-C871-4D0E-BC63-B0EECD9C0B15}.Debug|x86.ActiveCfg = Debug|Any CPU
		{3B47BA6F-C871-4D0E-BC63-B0EECD9C0B15}.Debug|x86.Build.0 = Debug|Any CPU
		{3B47BA6F-C871-4D0E-BC63-B0EECD9C0B15}.Release|Any CPU.ActiveCfg = Release|Any CPU
		{3B47BA6F-C871-4D0E-BC63-B0EECD9C0B15}.Release|Any CPU.Build.0 = Release|Any CPU
		{3B47BA6F-C871-4D0E-BC63-B0EECD9C0B15}.Release|x64.ActiveCfg = Release|Any CPU
		{3B47BA6F-C871-4D0E-BC63-B0EECD9C0B15}.Release|x64.Build.0 = Release|Any CPU
		{3B47BA6F-C871-4D0E-BC63-B0EECD9C0B15}.Release|x86.ActiveCfg = Release|Any CPU
		{3B47BA6F-C871-4D0E-BC63-B0EECD9C0B15}.Release|x86.Build.0 = Release|Any CPU
		{18C313E1-8A35-48F2-8D32-B3A4BFC1CFE8}.Debug|Any CPU.ActiveCfg = Debug|Any CPU
		{18C313E1-8A35-48F2-8D32-B3A4BFC1CFE8}.Debug|Any CPU.Build.0 = Debug|Any CPU
		{18C313E1-8A35-48F2-8D32-B3A4BFC1CFE8}.Debug|x64.ActiveCfg = Debug|Any CPU
		{18C313E1-8A35-48F2-8D32-B3A4BFC1CFE8}.Debug|x64.Build.0 = Debug|Any CPU
		{18C313E1-8A35-48F2-8D32-B3A4BFC1CFE8}.Debug|x86.ActiveCfg = Debug|Any CPU
		{18C313E1-8A35-48F2-8D32-B3A4BFC1CFE8}.Debug|x86.Build.0 = Debug|Any CPU
		{18C313E1-8A35-48F2-8D32-B3A4BFC1CFE8}.Release|Any CPU.ActiveCfg = Release|Any CPU
		{18C313E1-8A35-48F2-8D32-B3A4BFC1CFE8}.Release|Any CPU.Build.0 = Release|Any CPU
		{18C313E1-8A35-48F2-8D32-B3A4BFC1CFE8}.Release|x64.ActiveCfg = Release|Any CPU
		{18C313E1-8A35-48F2-8D32-B3A4BFC1CFE8}.Release|x64.Build.0 = Release|Any CPU
		{18C313E1-8A35-48F2-8D32-B3A4BFC1CFE8}.Release|x86.ActiveCfg = Release|Any CPU
		{18C313E1-8A35-48F2-8D32-B3A4BFC1CFE8}.Release|x86.Build.0 = Release|Any CPU
		{2BE16689-0D3D-4EAC-BFF3-3DE6AFAFCA11}.Debug|Any CPU.ActiveCfg = Debug|Any CPU
		{2BE16689-0D3D-4EAC-BFF3-3DE6AFAFCA11}.Debug|Any CPU.Build.0 = Debug|Any CPU
		{2BE16689-0D3D-4EAC-BFF3-3DE6AFAFCA11}.Debug|x64.ActiveCfg = Debug|Any CPU
		{2BE16689-0D3D-4EAC-BFF3-3DE6AFAFCA11}.Debug|x64.Build.0 = Debug|Any CPU
		{2BE16689-0D3D-4EAC-BFF3-3DE6AFAFCA11}.Debug|x86.ActiveCfg = Debug|Any CPU
		{2BE16689-0D3D-4EAC-BFF3-3DE6AFAFCA11}.Debug|x86.Build.0 = Debug|Any CPU
		{2BE16689-0D3D-4EAC-BFF3-3DE6AFAFCA11}.Release|Any CPU.ActiveCfg = Release|Any CPU
		{2BE16689-0D3D-4EAC-BFF3-3DE6AFAFCA11}.Release|Any CPU.Build.0 = Release|Any CPU
		{2BE16689-0D3D-4EAC-BFF3-3DE6AFAFCA11}.Release|x64.ActiveCfg = Release|Any CPU
		{2BE16689-0D3D-4EAC-BFF3-3DE6AFAFCA11}.Release|x64.Build.0 = Release|Any CPU
		{2BE16689-0D3D-4EAC-BFF3-3DE6AFAFCA11}.Release|x86.ActiveCfg = Release|Any CPU
		{2BE16689-0D3D-4EAC-BFF3-3DE6AFAFCA11}.Release|x86.Build.0 = Release|Any CPU
		{F2DA322F-26DB-40D5-9D28-12A09420C3FE}.Debug|Any CPU.ActiveCfg = Debug|Any CPU
		{F2DA322F-26DB-40D5-9D28-12A09420C3FE}.Debug|Any CPU.Build.0 = Debug|Any CPU
		{F2DA322F-26DB-40D5-9D28-12A09420C3FE}.Debug|x64.ActiveCfg = Debug|Any CPU
		{F2DA322F-26DB-40D5-9D28-12A09420C3FE}.Debug|x64.Build.0 = Debug|Any CPU
		{F2DA322F-26DB-40D5-9D28-12A09420C3FE}.Debug|x86.ActiveCfg = Debug|Any CPU
		{F2DA322F-26DB-40D5-9D28-12A09420C3FE}.Debug|x86.Build.0 = Debug|Any CPU
		{F2DA322F-26DB-40D5-9D28-12A09420C3FE}.Release|Any CPU.ActiveCfg = Release|Any CPU
		{F2DA322F-26DB-40D5-9D28-12A09420C3FE}.Release|Any CPU.Build.0 = Release|Any CPU
		{F2DA322F-26DB-40D5-9D28-12A09420C3FE}.Release|x64.ActiveCfg = Release|Any CPU
		{F2DA322F-26DB-40D5-9D28-12A09420C3FE}.Release|x64.Build.0 = Release|Any CPU
		{F2DA322F-26DB-40D5-9D28-12A09420C3FE}.Release|x86.ActiveCfg = Release|Any CPU
		{F2DA322F-26DB-40D5-9D28-12A09420C3FE}.Release|x86.Build.0 = Release|Any CPU
	EndGlobalSection
	GlobalSection(SolutionProperties) = preSolution
		HideSolutionNode = FALSE
	EndGlobalSection
	GlobalSection(NestedProjects) = preSolution
		{DF66F104-72EC-4BAB-9EFD-246E99856931} = {827E0CD3-B72D-47B6-A68D-7590B98EB39B}
		{3B47BA6F-C871-4D0E-BC63-B0EECD9C0B15} = {827E0CD3-B72D-47B6-A68D-7590B98EB39B}
		{18C313E1-8A35-48F2-8D32-B3A4BFC1CFE8} = {827E0CD3-B72D-47B6-A68D-7590B98EB39B}
		{2BE16689-0D3D-4EAC-BFF3-3DE6AFAFCA11} = {827E0CD3-B72D-47B6-A68D-7590B98EB39B}
		{9D556B49-86D1-93A7-9596-FFAAB74EC556} = {0AB3BF05-4346-4AA6-1389-037BE0695223}
		{F2DA322F-26DB-40D5-9D28-12A09420C3FE} = {9D556B49-86D1-93A7-9596-FFAAB74EC556}
	EndGlobalSection
EndGlobal
